{
  "name": "recetamela",
  "version": "1.0.0",
  "lockfileVersion": 1,
  "requires": true,
  "dependencies": {
    "angular2-toaster": {
      "version": "4.0.1",
      "resolved": "https://registry.npmjs.org/angular2-toaster/-/angular2-toaster-4.0.1.tgz",
      "integrity": "sha1-WHrvbfkDz14rfrpAR7VOyaIbjjs="
    }
  }
}
